
Microsoft Visual Studio Solution File, Format Version 12.00
# Visual Studio Version 17
VisualStudioVersion = 17.0.31903.59
MinimumVisualStudioVersion = 10.0.40219.1
Project("{2150E333-8FDC-42A3-9474-1A3956D46DE8}") = "src", "src", "{A57165B1-0CD9-4061-BF39-0E963E6210A4}"
EndProject
Project("{FAE04EC0-301F-11D3-BF4B-00C04F79EFBC}") = "GameOfLife.Core", "src\GameOfLife.Core\GameOfLife.Core.csproj", "{D6358BA4-52C5-474B-B9C3-B250E7ADFBBB}"
EndProject
Project("{2150E333-8FDC-42A3-9474-1A3956D46DE8}") = "tests", "tests", "{F16A1B78-86ED-4EF5-8C47-FAD6CB1527F8}"
EndProject
Project("{FAE04EC0-301F-11D3-BF4B-00C04F79EFBC}") = "GameOfLife.Core.Tests", "tests\GameOfLife.Core.Tests\GameOfLife.Core.Tests.csproj", "{AF8018A1-F6F5-4662-A54B-9D2D3E1D94A4}"
EndProject
Project("{FAE04EC0-301F-11D3-BF4B-00C04F79EFBC}") = "GameOfLife.Protocol", "src\GameOfLife.Protocol\GameOfLife.Protocol.csproj", "{A50933A3-0C53-4C52-A997-8CED9A15F795}"
EndProject
Project("{FAE04EC0-301F-11D3-BF4B-00C04F79EFBC}") = "GameOfLife.Protocol.Tests", "tests\GameOfLife.Protocol.Tests\GameOfLife.Protocol.Tests.csproj", "{2F119CA6-262A-4432-9FED-666479EFEB74}"
EndProject
Global
	GlobalSection(SolutionConfigurationPlatforms) = preSolution
		Debug|Any CPU = Debug|Any CPU
		Release|Any CPU = Release|Any CPU
	EndGlobalSection
	GlobalSection(SolutionProperties) = preSolution
		HideSolutionNode = FALSE
	EndGlobalSection
	GlobalSection(ProjectConfigurationPlatforms) = postSolution
		{D6358BA4-52C5-474B-B9C3-B250E7ADFBBB}.Debug|Any CPU.ActiveCfg = Debug|Any CPU
		{D6358BA4-52C5-474B-B9C3-B250E7ADFBBB}.Debug|Any CPU.Build.0 = Debug|Any CPU
		{D6358BA4-52C5-474B-B9C3-B250E7ADFBBB}.Release|Any CPU.ActiveCfg = Release|Any CPU
		{D6358BA4-52C5-474B-B9C3-B250E7ADFBBB}.Release|Any CPU.Build.0 = Release|Any CPU
		{AF8018A1-F6F5-4662-A54B-9D2D3E1D94A4}.Debug|Any CPU.ActiveCfg = Debug|Any CPU
		{AF8018A1-F6F5-4662-A54B-9D2D3E1D94A4}.Debug|Any CPU.Build.0 = Debug|Any CPU
		{AF8018A1-F6F5-4662-A54B-9D2D3E1D94A4}.Release|Any CPU.ActiveCfg = Release|Any CPU
		{AF8018A1-F6F5-4662-A54B-9D2D3E1D94A4}.Release|Any CPU.Build.0 = Release|Any CPU
		{A50933A3-0C53-4C52-A997-8CED9A15F795}.Debug|Any CPU.ActiveCfg = Debug|Any CPU
		{A50933A3-0C53-4C52-A997-8CED9A15F795}.Debug|Any CPU.Build.0 = Debug|Any CPU
		{A50933A3-0C53-4C52-A997-8CED9A15F795}.Release|Any CPU.ActiveCfg = Release|Any CPU
		{A50933A3-0C53-4C52-A997-8CED9A15F795}.Release|Any CPU.Build.0 = Release|Any CPU
		{2F119CA6-262A-4432-9FED-666479EFEB74}.Debug|Any CPU.ActiveCfg = Debug|Any CPU
		{2F119CA6-262A-4432-9FED-666479EFEB74}.Debug|Any CPU.Build.0 = Debug|Any CPU
		{2F119CA6-262A-4432-9FED-666479EFEB74}.Release|Any CPU.ActiveCfg = Release|Any CPU
		{2F119CA6-262A-4432-9FED-666479EFEB74}.Release|Any CPU.Build.0 = Release|Any CPU
	EndGlobalSection
	GlobalSection(NestedProjects) = preSolution
		{D6358BA4-52C5-474B-B9C3-B250E7ADFBBB} = {A57165B1-0CD9-4061-BF39-0E963E6210A4}
		{AF8018A1-F6F5-4662-A54B-9D2D3E1D94A4} = {F16A1B78-86ED-4EF5-8C47-FAD6CB1527F8}
		{A50933A3-0C53-4C52-A997-8CED9A15F795} = {A57165B1-0CD9-4061-BF39-0E963E6210A4}
		{2F119CA6-262A-4432-9FED-666479EFEB74} = {F16A1B78-86ED-4EF5-8C47-FAD6CB1527F8}
	EndGlobalSection
EndGlobal
